
Microsoft Visual Studio Solution File, Format Version 12.00
Project("{FAE04EC0-301F-11D3-BF4B-00C04F79EFBC}") = "Dotnet.Homeworks.MainProject", "Dotnet.Homeworks.MainProject\Dotnet.Homeworks.MainProject.csproj", "{6D6EE5D3-5C3A-43A1-9778-2C85E92A2506}"
EndProject
Project("{FAE04EC0-301F-11D3-BF4B-00C04F79EFBC}") = "Dotnet.Homeworks.Tests", "Dotnet.Homeworks.Tests\Dotnet.Homeworks.Tests.csproj", "{3091107F-2431-44E9-BC38-37A46D50ED78}"
EndProject
Project("{2150E333-8FDC-42A3-9474-1A3956D46DE8}") = "Theory", "Theory", "{34A78ECB-E940-4BDA-AA77-E7552F322718}"
	ProjectSection(SolutionItems) = preProject
		Dotnet.Homeworks.Theory\Docker.md = Dotnet.Homeworks.Theory\Docker.md
		Dotnet.Homeworks.Theory\UML.C4.md = Dotnet.Homeworks.Theory\UML.C4.md
		Dotnet.Homeworks.Theory\RabbitMQ. Masstransit.md = Dotnet.Homeworks.Theory\RabbitMQ. Masstransit.md
		Dotnet.Homeworks.Theory\Architecture styles.md = Dotnet.Homeworks.Theory\Architecture styles.md
		Dotnet.Homeworks.Theory\Patterns.md = Dotnet.Homeworks.Theory\Patterns.md
		Dotnet.Homeworks.Theory\CQRS.md = Dotnet.Homeworks.Theory\CQRS.md
	EndProjectSection
EndProject
Project("{2150E333-8FDC-42A3-9474-1A3956D46DE8}") = "Tests", "Tests", "{03F24D07-470D-4F82-826B-5E7058A1E689}"
EndProject
Project("{FAE04EC0-301F-11D3-BF4B-00C04F79EFBC}") = "Dotnet.Homeworks.Tests.RunLogic", "Dotnet.Homeworks.Tests.RunLogic\Dotnet.Homeworks.Tests.RunLogic.csproj", "{F4E0BCE4-432C-41D7-BFF0-EE60BB3738D3}"
EndProject
Project("{2150E333-8FDC-42A3-9474-1A3956D46DE8}") = "Docs", "Docs", "{E51A9D64-B660-4293-8D3B-6B4B4A2EC675}"
	ProjectSection(SolutionItems) = preProject
		README.md = README.md
		LICENSE = LICENSE
	EndProjectSection
EndProject
Project("{2150E333-8FDC-42A3-9474-1A3956D46DE8}") = "Projects", "Projects", "{D08DB727-1044-48BE-844A-3721AD407110}"
EndProject
Project("{2150E333-8FDC-42A3-9474-1A3956D46DE8}") = "Docker", "Docker", "{06392FE4-9ADB-4D26-9704-950C0FE682B8}"
	ProjectSection(SolutionItems) = preProject
		docker-compose.yml = docker-compose.yml
	EndProjectSection
EndProject
Project("{FAE04EC0-301F-11D3-BF4B-00C04F79EFBC}") = "Dotnet.Homeworks.Mailing.API", "Dotnet.Homeworks.Mailing.API\Dotnet.Homeworks.Mailing.API.csproj", "{0DAE18F5-69AD-4EDA-B9B7-57D863666FE6}"
EndProject
Project("{FAE04EC0-301F-11D3-BF4B-00C04F79EFBC}") = "Dotnet.Homeworks.MessagingContracts", "Dotnet.Homeworks.MessagingContracts\Dotnet.Homeworks.MessagingContracts.csproj", "{008651F1-9A0B-43DB-B3F7-D019AE4EB12B}"
EndProject
Project("{FAE04EC0-301F-11D3-BF4B-00C04F79EFBC}") = "Dotnet.Homeworks.Features", "Dotnet.Homeworks.Features\Dotnet.Homeworks.Features.csproj", "{D2435812-4515-46D5-BA3A-5B64513F6780}"
EndProject
Global
	GlobalSection(SolutionConfigurationPlatforms) = preSolution
		Debug|Any CPU = Debug|Any CPU
		Release|Any CPU = Release|Any CPU
	EndGlobalSection
	GlobalSection(ProjectConfigurationPlatforms) = postSolution
		{6D6EE5D3-5C3A-43A1-9778-2C85E92A2506}.Debug|Any CPU.ActiveCfg = Debug|Any CPU
		{6D6EE5D3-5C3A-43A1-9778-2C85E92A2506}.Debug|Any CPU.Build.0 = Debug|Any CPU
		{6D6EE5D3-5C3A-43A1-9778-2C85E92A2506}.Release|Any CPU.ActiveCfg = Release|Any CPU
		{6D6EE5D3-5C3A-43A1-9778-2C85E92A2506}.Release|Any CPU.Build.0 = Release|Any CPU
		{3091107F-2431-44E9-BC38-37A46D50ED78}.Debug|Any CPU.ActiveCfg = Debug|Any CPU
		{3091107F-2431-44E9-BC38-37A46D50ED78}.Debug|Any CPU.Build.0 = Debug|Any CPU
		{3091107F-2431-44E9-BC38-37A46D50ED78}.Release|Any CPU.ActiveCfg = Release|Any CPU
		{3091107F-2431-44E9-BC38-37A46D50ED78}.Release|Any CPU.Build.0 = Release|Any CPU
		{F4E0BCE4-432C-41D7-BFF0-EE60BB3738D3}.Debug|Any CPU.ActiveCfg = Debug|Any CPU
		{F4E0BCE4-432C-41D7-BFF0-EE60BB3738D3}.Debug|Any CPU.Build.0 = Debug|Any CPU
		{F4E0BCE4-432C-41D7-BFF0-EE60BB3738D3}.Release|Any CPU.ActiveCfg = Release|Any CPU
		{F4E0BCE4-432C-41D7-BFF0-EE60BB3738D3}.Release|Any CPU.Build.0 = Release|Any CPU
		{0DAE18F5-69AD-4EDA-B9B7-57D863666FE6}.Debug|Any CPU.ActiveCfg = Debug|Any CPU
		{0DAE18F5-69AD-4EDA-B9B7-57D863666FE6}.Debug|Any CPU.Build.0 = Debug|Any CPU
		{0DAE18F5-69AD-4EDA-B9B7-57D863666FE6}.Release|Any CPU.ActiveCfg = Release|Any CPU
		{0DAE18F5-69AD-4EDA-B9B7-57D863666FE6}.Release|Any CPU.Build.0 = Release|Any CPU
		{008651F1-9A0B-43DB-B3F7-D019AE4EB12B}.Debug|Any CPU.ActiveCfg = Debug|Any CPU
		{008651F1-9A0B-43DB-B3F7-D019AE4EB12B}.Debug|Any CPU.Build.0 = Debug|Any CPU
		{008651F1-9A0B-43DB-B3F7-D019AE4EB12B}.Release|Any CPU.ActiveCfg = Release|Any CPU
		{008651F1-9A0B-43DB-B3F7-D019AE4EB12B}.Release|Any CPU.Build.0 = Release|Any CPU
		{D2435812-4515-46D5-BA3A-5B64513F6780}.Debug|Any CPU.ActiveCfg = Debug|Any CPU
		{D2435812-4515-46D5-BA3A-5B64513F6780}.Debug|Any CPU.Build.0 = Debug|Any CPU
		{D2435812-4515-46D5-BA3A-5B64513F6780}.Release|Any CPU.ActiveCfg = Release|Any CPU
		{D2435812-4515-46D5-BA3A-5B64513F6780}.Release|Any CPU.Build.0 = Release|Any CPU
	EndGlobalSection
	GlobalSection(NestedProjects) = preSolution
		{3091107F-2431-44E9-BC38-37A46D50ED78} = {03F24D07-470D-4F82-826B-5E7058A1E689}
		{F4E0BCE4-432C-41D7-BFF0-EE60BB3738D3} = {03F24D07-470D-4F82-826B-5E7058A1E689}
		{6D6EE5D3-5C3A-43A1-9778-2C85E92A2506} = {D08DB727-1044-48BE-844A-3721AD407110}
		{0DAE18F5-69AD-4EDA-B9B7-57D863666FE6} = {D08DB727-1044-48BE-844A-3721AD407110}
		{008651F1-9A0B-43DB-B3F7-D019AE4EB12B} = {D08DB727-1044-48BE-844A-3721AD407110}
		{D2435812-4515-46D5-BA3A-5B64513F6780} = {D08DB727-1044-48BE-844A-3721AD407110}
	EndGlobalSection
EndGlobal
