
Microsoft Visual Studio Solution File, Format Version 12.00
Project("{FAE04EC0-301F-11D3-BF4B-00C04F79EFBC}") = "Dotnet.Homeworks.MainProject", "Dotnet.Homeworks.MainProject\Dotnet.Homeworks.MainProject.csproj", "{6D6EE5D3-5C3A-43A1-9778-2C85E92A2506}"
EndProject
Project("{FAE04EC0-301F-11D3-BF4B-00C04F79EFBC}") = "Dotnet.Homeworks.Tests", "Dotnet.Homeworks.Tests\Dotnet.Homeworks.Tests.csproj", "{3091107F-2431-44E9-BC38-37A46D50ED78}"
EndProject
Project("{2150E333-8FDC-42A3-9474-1A3956D46DE8}") = "Theory", "Theory", "{34A78ECB-E940-4BDA-AA77-E7552F322718}"
	ProjectSection(SolutionItems) = preProject
		Dotnet.Homeworks.Theory\Docker.md = Dotnet.Homeworks.Theory\Docker.md
		Dotnet.Homeworks.Theory\UML.C4.md = Dotnet.Homeworks.Theory\UML.C4.md
		Dotnet.Homeworks.Theory\RabbitMQ. Masstransit.md = Dotnet.Homeworks.Theory\RabbitMQ. Masstransit.md
		Dotnet.Homeworks.Theory\Architecture styles.md = Dotnet.Homeworks.Theory\Architecture styles.md
		Dotnet.Homeworks.Theory\Patterns.md = Dotnet.Homeworks.Theory\Patterns.md
		Dotnet.Homeworks.Theory\Minio.S3.md = Dotnet.Homeworks.Theory\Minio.S3.md
		Dotnet.Homeworks.Theory\CQRS.md = Dotnet.Homeworks.Theory\CQRS.md
		Dotnet.Homeworks.Theory\CQRSValidatorsDecorators.md = Dotnet.Homeworks.Theory\CQRSValidatorsDecorators.md
		Dotnet.Homeworks.Theory\DDD.Mapster.md = Dotnet.Homeworks.Theory\DDD.Mapster.md
	EndProjectSection
EndProject
Project("{2150E333-8FDC-42A3-9474-1A3956D46DE8}") = "Tests", "Tests", "{03F24D07-470D-4F82-826B-5E7058A1E689}"
EndProject
Project("{FAE04EC0-301F-11D3-BF4B-00C04F79EFBC}") = "Dotnet.Homeworks.Tests.RunLogic", "Dotnet.Homeworks.Tests.RunLogic\Dotnet.Homeworks.Tests.RunLogic.csproj", "{F4E0BCE4-432C-41D7-BFF0-EE60BB3738D3}"
EndProject
Project("{2150E333-8FDC-42A3-9474-1A3956D46DE8}") = "Docs", "Docs", "{E51A9D64-B660-4293-8D3B-6B4B4A2EC675}"
	ProjectSection(SolutionItems) = preProject
		README.md = README.md
		LICENSE = LICENSE
	EndProjectSection
EndProject
Project("{2150E333-8FDC-42A3-9474-1A3956D46DE8}") = "Projects", "Projects", "{D08DB727-1044-48BE-844A-3721AD407110}"
EndProject
Project("{2150E333-8FDC-42A3-9474-1A3956D46DE8}") = "Docker", "Docker", "{06392FE4-9ADB-4D26-9704-950C0FE682B8}"
	ProjectSection(SolutionItems) = preProject
		docker-compose.yml = docker-compose.yml
	EndProjectSection
EndProject
Project("{FAE04EC0-301F-11D3-BF4B-00C04F79EFBC}") = "Dotnet.Homeworks.Mailing.API", "Dotnet.Homeworks.Mailing.API\Dotnet.Homeworks.Mailing.API.csproj", "{0DAE18F5-69AD-4EDA-B9B7-57D863666FE6}"
EndProject
Project("{FAE04EC0-301F-11D3-BF4B-00C04F79EFBC}") = "Dotnet.Homeworks.Features", "Dotnet.Homeworks.Features\Dotnet.Homeworks.Features.csproj", "{D2435812-4515-46D5-BA3A-5B64513F6780}"
EndProject
Project("{FAE04EC0-301F-11D3-BF4B-00C04F79EFBC}") = "Dotnet.Homeworks.Storage.API", "Dotnet.Homeworks.Storage.API\Dotnet.Homeworks.Storage.API.csproj", "{EF6C5008-6FA2-4500-9D9F-4BE1F8A68DAD}"
EndProject
Project("{FAE04EC0-301F-11D3-BF4B-00C04F79EFBC}") = "Dotnet.Homeworks.Shared", "Dotnet.Homeworks.Shared\Dotnet.Homeworks.Shared.csproj", "{C1278C47-BA43-49CF-B5AC-604672B9FD99}"
EndProject
Project("{FAE04EC0-301F-11D3-BF4B-00C04F79EFBC}") = "Dotnet.Homeworks.Domain", "Dotnet.Homeworks.Domain\Dotnet.Homeworks.Domain.csproj", "{AF76D63E-12E1-4553-B880-548D6BF6CAE7}"
EndProject
Project("{FAE04EC0-301F-11D3-BF4B-00C04F79EFBC}") = "Dotnet.Homeworks.Infrastructure", "Dotnet.Homeworks.Infrastructure\Dotnet.Homeworks.Infrastructure.csproj", "{7860419F-16B1-42D5-A065-6C168E50D65F}"
EndProject
Project("{FAE04EC0-301F-11D3-BF4B-00C04F79EFBC}") = "Dotnet.Homeworks.Data", "Dotnet.Homeworks.Data\Dotnet.Homeworks.Data.csproj", "{3037EDE1-DCFC-4A0D-B034-6F095B1C7E53}"
EndProject
Global
	GlobalSection(SolutionConfigurationPlatforms) = preSolution
		Debug|Any CPU = Debug|Any CPU
		Release|Any CPU = Release|Any CPU
	EndGlobalSection
	GlobalSection(ProjectConfigurationPlatforms) = postSolution
		{6D6EE5D3-5C3A-43A1-9778-2C85E92A2506}.Debug|Any CPU.ActiveCfg = Debug|Any CPU
		{6D6EE5D3-5C3A-43A1-9778-2C85E92A2506}.Debug|Any CPU.Build.0 = Debug|Any CPU
		{6D6EE5D3-5C3A-43A1-9778-2C85E92A2506}.Release|Any CPU.ActiveCfg = Release|Any CPU
		{6D6EE5D3-5C3A-43A1-9778-2C85E92A2506}.Release|Any CPU.Build.0 = Release|Any CPU
		{3091107F-2431-44E9-BC38-37A46D50ED78}.Debug|Any CPU.ActiveCfg = Debug|Any CPU
		{3091107F-2431-44E9-BC38-37A46D50ED78}.Debug|Any CPU.Build.0 = Debug|Any CPU
		{3091107F-2431-44E9-BC38-37A46D50ED78}.Release|Any CPU.ActiveCfg = Release|Any CPU
		{3091107F-2431-44E9-BC38-37A46D50ED78}.Release|Any CPU.Build.0 = Release|Any CPU
		{F4E0BCE4-432C-41D7-BFF0-EE60BB3738D3}.Debug|Any CPU.ActiveCfg = Debug|Any CPU
		{F4E0BCE4-432C-41D7-BFF0-EE60BB3738D3}.Debug|Any CPU.Build.0 = Debug|Any CPU
		{F4E0BCE4-432C-41D7-BFF0-EE60BB3738D3}.Release|Any CPU.ActiveCfg = Release|Any CPU
		{F4E0BCE4-432C-41D7-BFF0-EE60BB3738D3}.Release|Any CPU.Build.0 = Release|Any CPU
		{0DAE18F5-69AD-4EDA-B9B7-57D863666FE6}.Debug|Any CPU.ActiveCfg = Debug|Any CPU
		{0DAE18F5-69AD-4EDA-B9B7-57D863666FE6}.Debug|Any CPU.Build.0 = Debug|Any CPU
		{0DAE18F5-69AD-4EDA-B9B7-57D863666FE6}.Release|Any CPU.ActiveCfg = Release|Any CPU
		{0DAE18F5-69AD-4EDA-B9B7-57D863666FE6}.Release|Any CPU.Build.0 = Release|Any CPU
		{D2435812-4515-46D5-BA3A-5B64513F6780}.Debug|Any CPU.ActiveCfg = Debug|Any CPU
		{D2435812-4515-46D5-BA3A-5B64513F6780}.Debug|Any CPU.Build.0 = Debug|Any CPU
		{D2435812-4515-46D5-BA3A-5B64513F6780}.Release|Any CPU.ActiveCfg = Release|Any CPU
		{D2435812-4515-46D5-BA3A-5B64513F6780}.Release|Any CPU.Build.0 = Release|Any CPU
		{EF6C5008-6FA2-4500-9D9F-4BE1F8A68DAD}.Debug|Any CPU.ActiveCfg = Debug|Any CPU
		{EF6C5008-6FA2-4500-9D9F-4BE1F8A68DAD}.Debug|Any CPU.Build.0 = Debug|Any CPU
		{EF6C5008-6FA2-4500-9D9F-4BE1F8A68DAD}.Release|Any CPU.ActiveCfg = Release|Any CPU
		{EF6C5008-6FA2-4500-9D9F-4BE1F8A68DAD}.Release|Any CPU.Build.0 = Release|Any CPU
		{C1278C47-BA43-49CF-B5AC-604672B9FD99}.Debug|Any CPU.ActiveCfg = Debug|Any CPU
		{C1278C47-BA43-49CF-B5AC-604672B9FD99}.Debug|Any CPU.Build.0 = Debug|Any CPU
		{C1278C47-BA43-49CF-B5AC-604672B9FD99}.Release|Any CPU.ActiveCfg = Release|Any CPU
		{C1278C47-BA43-49CF-B5AC-604672B9FD99}.Release|Any CPU.Build.0 = Release|Any CPU
		{AF76D63E-12E1-4553-B880-548D6BF6CAE7}.Debug|Any CPU.ActiveCfg = Debug|Any CPU
		{AF76D63E-12E1-4553-B880-548D6BF6CAE7}.Debug|Any CPU.Build.0 = Debug|Any CPU
		{AF76D63E-12E1-4553-B880-548D6BF6CAE7}.Release|Any CPU.ActiveCfg = Release|Any CPU
		{AF76D63E-12E1-4553-B880-548D6BF6CAE7}.Release|Any CPU.Build.0 = Release|Any CPU
		{7860419F-16B1-42D5-A065-6C168E50D65F}.Debug|Any CPU.ActiveCfg = Debug|Any CPU
		{7860419F-16B1-42D5-A065-6C168E50D65F}.Debug|Any CPU.Build.0 = Debug|Any CPU
		{7860419F-16B1-42D5-A065-6C168E50D65F}.Release|Any CPU.ActiveCfg = Release|Any CPU
		{7860419F-16B1-42D5-A065-6C168E50D65F}.Release|Any CPU.Build.0 = Release|Any CPU
		{3037EDE1-DCFC-4A0D-B034-6F095B1C7E53}.Debug|Any CPU.ActiveCfg = Debug|Any CPU
		{3037EDE1-DCFC-4A0D-B034-6F095B1C7E53}.Debug|Any CPU.Build.0 = Debug|Any CPU
		{3037EDE1-DCFC-4A0D-B034-6F095B1C7E53}.Release|Any CPU.ActiveCfg = Release|Any CPU
		{3037EDE1-DCFC-4A0D-B034-6F095B1C7E53}.Release|Any CPU.Build.0 = Release|Any CPU
	EndGlobalSection
	GlobalSection(NestedProjects) = preSolution
		{3091107F-2431-44E9-BC38-37A46D50ED78} = {03F24D07-470D-4F82-826B-5E7058A1E689}
		{F4E0BCE4-432C-41D7-BFF0-EE60BB3738D3} = {03F24D07-470D-4F82-826B-5E7058A1E689}
		{6D6EE5D3-5C3A-43A1-9778-2C85E92A2506} = {D08DB727-1044-48BE-844A-3721AD407110}
		{0DAE18F5-69AD-4EDA-B9B7-57D863666FE6} = {D08DB727-1044-48BE-844A-3721AD407110}
		{D2435812-4515-46D5-BA3A-5B64513F6780} = {D08DB727-1044-48BE-844A-3721AD407110}
		{EF6C5008-6FA2-4500-9D9F-4BE1F8A68DAD} = {D08DB727-1044-48BE-844A-3721AD407110}
		{C1278C47-BA43-49CF-B5AC-604672B9FD99} = {D08DB727-1044-48BE-844A-3721AD407110}
		{AF76D63E-12E1-4553-B880-548D6BF6CAE7} = {D08DB727-1044-48BE-844A-3721AD407110}
		{7860419F-16B1-42D5-A065-6C168E50D65F} = {D08DB727-1044-48BE-844A-3721AD407110}
		{3037EDE1-DCFC-4A0D-B034-6F095B1C7E53} = {D08DB727-1044-48BE-844A-3721AD407110}
	EndGlobalSection
EndGlobal
